
Microsoft Visual Studio Solution File, Format Version 12.00
# Visual Studio 15
VisualStudioVersion = 15.0.28010.2050
MinimumVisualStudioVersion = 10.0.40219.1
Project("{FAE04EC0-301F-11D3-BF4B-00C04F79EFBC}") = "SalesForce", "SalesForce\SalesForce.csproj", "{61E294E3-9694-46C2-B3BB-384C631E58B9}"
EndProject
Global
	GlobalSection(SolutionConfigurationPlatforms) = preSolution
		Debug|Any CPU = Debug|Any CPU
		Release|Any CPU = Release|Any CPU
	EndGlobalSection
	GlobalSection(ProjectConfigurationPlatforms) = postSolution
		{61E294E3-9694-46C2-B3BB-384C631E58B9}.Debug|Any CPU.ActiveCfg = Debug|Any CPU
		{61E294E3-9694-46C2-B3BB-384C631E58B9}.Debug|Any CPU.Build.0 = Debug|Any CPU
		{61E294E3-9694-46C2-B3BB-384C631E58B9}.Release|Any CPU.ActiveCfg = Release|Any CPU
		{61E294E3-9694-46C2-B3BB-384C631E58B9}.Release|Any CPU.Build.0 = Release|Any CPU
	EndGlobalSection
	GlobalSection(SolutionProperties) = preSolution
		HideSolutionNode = FALSE
	EndGlobalSection
	GlobalSection(ExtensibilityGlobals) = postSolution
		SolutionGuid = {311909B1-36FA-4EA9-A09A-F37E299CE7E5}
	EndGlobalSection
EndGlobal
